// !$*UTF8*$!
{
	archiveVersion = 1;
	classes = {
	};
	objectVersion = 50;
	objects = {

/* Begin PBXBuildFile section */
		8B773BE9247CD403001D5EEA /* AuthenticationKit.framework in Frameworks */ = {isa = PBXBuildFile; fileRef = 8B773BDF247CD403001D5EEA /* AuthenticationKit.framework */; };
		8B773BEE247CD403001D5EEA /* AuthenticationKitTests.swift in Sources */ = {isa = PBXBuildFile; fileRef = 8B773BED247CD403001D5EEA /* AuthenticationKitTests.swift */; };
		8B773BF0247CD403001D5EEA /* AuthenticationKit.h in Headers */ = {isa = PBXBuildFile; fileRef = 8B773BE2247CD403001D5EEA /* AuthenticationKit.h */; settings = {ATTRIBUTES = (Public, ); }; };
		8B773C01247CF2B6001D5EEA /* AppDelegate.swift in Sources */ = {isa = PBXBuildFile; fileRef = 8B773C00247CF2B6001D5EEA /* AppDelegate.swift */; };
		8B773C03247CF2B6001D5EEA /* SceneDelegate.swift in Sources */ = {isa = PBXBuildFile; fileRef = 8B773C02247CF2B6001D5EEA /* SceneDelegate.swift */; };
		8B773C05247CF2B6001D5EEA /* ViewController.swift in Sources */ = {isa = PBXBuildFile; fileRef = 8B773C04247CF2B6001D5EEA /* ViewController.swift */; };
		8B773C08247CF2B6001D5EEA /* Main.storyboard in Resources */ = {isa = PBXBuildFile; fileRef = 8B773C06247CF2B6001D5EEA /* Main.storyboard */; };
		8B773C0A247CF2B7001D5EEA /* Assets.xcassets in Resources */ = {isa = PBXBuildFile; fileRef = 8B773C09247CF2B7001D5EEA /* Assets.xcassets */; };
		8B773C0D247CF2B7001D5EEA /* LaunchScreen.storyboard in Resources */ = {isa = PBXBuildFile; fileRef = 8B773C0B247CF2B7001D5EEA /* LaunchScreen.storyboard */; };
		8B773C18247CF2B8001D5EEA /* AuthenticationKitExampleTests.swift in Sources */ = {isa = PBXBuildFile; fileRef = 8B773C17247CF2B8001D5EEA /* AuthenticationKitExampleTests.swift */; };
		8B773C21247CF349001D5EEA /* FacebookAuthentication.swift in Sources */ = {isa = PBXBuildFile; fileRef = 8B773C20247CF349001D5EEA /* FacebookAuthentication.swift */; };
		8B773C23247CF7BA001D5EEA /* AuthenticationKit.podspec in Resources */ = {isa = PBXBuildFile; fileRef = 8B773C22247CF7BA001D5EEA /* AuthenticationKit.podspec */; };
		B250213E5B4C235CB43E585C /* Pods_AuthenticationKit_AuthenticationKitTests.framework in Frameworks */ = {isa = PBXBuildFile; fileRef = 647B73E4BAB4AE2951679E0B /* Pods_AuthenticationKit_AuthenticationKitTests.framework */; };
		D83F4222EE24D9AE0365E2FA /* Pods_AuthenticationKit.framework in Frameworks */ = {isa = PBXBuildFile; fileRef = DCC391A82A2EDCCF48A55FBF /* Pods_AuthenticationKit.framework */; };
/* End PBXBuildFile section */

/* Begin PBXContainerItemProxy section */
		8B773BEA247CD403001D5EEA /* PBXContainerItemProxy */ = {
			isa = PBXContainerItemProxy;
			containerPortal = 8B773BD6247CD403001D5EEA /* Project object */;
			proxyType = 1;
			remoteGlobalIDString = 8B773BDE247CD403001D5EEA;
			remoteInfo = AuthenticationKit;
		};
		8B773C14247CF2B7001D5EEA /* PBXContainerItemProxy */ = {
			isa = PBXContainerItemProxy;
			containerPortal = 8B773BD6247CD403001D5EEA /* Project object */;
			proxyType = 1;
			remoteGlobalIDString = 8B773BFD247CF2B5001D5EEA;
			remoteInfo = AuthenticationKitExample;
		};
/* End PBXContainerItemProxy section */

/* Begin PBXFileReference section */
		647B73E4BAB4AE2951679E0B /* Pods_AuthenticationKit_AuthenticationKitTests.framework */ = {isa = PBXFileReference; explicitFileType = wrapper.framework; includeInIndex = 0; path = Pods_AuthenticationKit_AuthenticationKitTests.framework; sourceTree = BUILT_PRODUCTS_DIR; };
		83ACC4C602E23776DA0DA78E /* Pods-AuthenticationKit.release.xcconfig */ = {isa = PBXFileReference; includeInIndex = 1; lastKnownFileType = text.xcconfig; name = "Pods-AuthenticationKit.release.xcconfig"; path = "Target Support Files/Pods-AuthenticationKit/Pods-AuthenticationKit.release.xcconfig"; sourceTree = "<group>"; };
		8B773BDF247CD403001D5EEA /* AuthenticationKit.framework */ = {isa = PBXFileReference; explicitFileType = wrapper.framework; includeInIndex = 0; path = AuthenticationKit.framework; sourceTree = BUILT_PRODUCTS_DIR; };
		8B773BE2247CD403001D5EEA /* AuthenticationKit.h */ = {isa = PBXFileReference; lastKnownFileType = sourcecode.c.h; path = AuthenticationKit.h; sourceTree = "<group>"; };
		8B773BE3247CD403001D5EEA /* Info.plist */ = {isa = PBXFileReference; lastKnownFileType = text.plist.xml; path = Info.plist; sourceTree = "<group>"; };
		8B773BE8247CD403001D5EEA /* AuthenticationKitTests.xctest */ = {isa = PBXFileReference; explicitFileType = wrapper.cfbundle; includeInIndex = 0; path = AuthenticationKitTests.xctest; sourceTree = BUILT_PRODUCTS_DIR; };
		8B773BED247CD403001D5EEA /* AuthenticationKitTests.swift */ = {isa = PBXFileReference; lastKnownFileType = sourcecode.swift; path = AuthenticationKitTests.swift; sourceTree = "<group>"; };
		8B773BEF247CD403001D5EEA /* Info.plist */ = {isa = PBXFileReference; lastKnownFileType = text.plist.xml; path = Info.plist; sourceTree = "<group>"; };
		8B773BFE247CF2B5001D5EEA /* AuthenticationKitExample.app */ = {isa = PBXFileReference; explicitFileType = wrapper.application; includeInIndex = 0; path = AuthenticationKitExample.app; sourceTree = BUILT_PRODUCTS_DIR; };
		8B773C00247CF2B6001D5EEA /* AppDelegate.swift */ = {isa = PBXFileReference; lastKnownFileType = sourcecode.swift; path = AppDelegate.swift; sourceTree = "<group>"; };
		8B773C02247CF2B6001D5EEA /* SceneDelegate.swift */ = {isa = PBXFileReference; lastKnownFileType = sourcecode.swift; path = SceneDelegate.swift; sourceTree = "<group>"; };
		8B773C04247CF2B6001D5EEA /* ViewController.swift */ = {isa = PBXFileReference; lastKnownFileType = sourcecode.swift; path = ViewController.swift; sourceTree = "<group>"; };
		8B773C07247CF2B6001D5EEA /* Base */ = {isa = PBXFileReference; lastKnownFileType = file.storyboard; name = Base; path = Base.lproj/Main.storyboard; sourceTree = "<group>"; };
		8B773C09247CF2B7001D5EEA /* Assets.xcassets */ = {isa = PBXFileReference; lastKnownFileType = folder.assetcatalog; path = Assets.xcassets; sourceTree = "<group>"; };
		8B773C0C247CF2B7001D5EEA /* Base */ = {isa = PBXFileReference; lastKnownFileType = file.storyboard; name = Base; path = Base.lproj/LaunchScreen.storyboard; sourceTree = "<group>"; };
		8B773C0E247CF2B7001D5EEA /* Info.plist */ = {isa = PBXFileReference; lastKnownFileType = text.plist.xml; path = Info.plist; sourceTree = "<group>"; };
		8B773C13247CF2B7001D5EEA /* AuthenticationKitExampleTests.xctest */ = {isa = PBXFileReference; explicitFileType = wrapper.cfbundle; includeInIndex = 0; path = AuthenticationKitExampleTests.xctest; sourceTree = BUILT_PRODUCTS_DIR; };
		8B773C17247CF2B8001D5EEA /* AuthenticationKitExampleTests.swift */ = {isa = PBXFileReference; lastKnownFileType = sourcecode.swift; path = AuthenticationKitExampleTests.swift; sourceTree = "<group>"; };
		8B773C19247CF2B8001D5EEA /* Info.plist */ = {isa = PBXFileReference; lastKnownFileType = text.plist.xml; path = Info.plist; sourceTree = "<group>"; };
		8B773C20247CF349001D5EEA /* FacebookAuthentication.swift */ = {isa = PBXFileReference; lastKnownFileType = sourcecode.swift; path = FacebookAuthentication.swift; sourceTree = "<group>"; };
		8B773C22247CF7BA001D5EEA /* AuthenticationKit.podspec */ = {isa = PBXFileReference; lastKnownFileType = file; path = AuthenticationKit.podspec; sourceTree = SOURCE_ROOT; };
		ACC3DF69E13984D82DA045FD /* Pods-AuthenticationKit.debug.xcconfig */ = {isa = PBXFileReference; includeInIndex = 1; lastKnownFileType = text.xcconfig; name = "Pods-AuthenticationKit.debug.xcconfig"; path = "Target Support Files/Pods-AuthenticationKit/Pods-AuthenticationKit.debug.xcconfig"; sourceTree = "<group>"; };
		DCC391A82A2EDCCF48A55FBF /* Pods_AuthenticationKit.framework */ = {isa = PBXFileReference; explicitFileType = wrapper.framework; includeInIndex = 0; path = Pods_AuthenticationKit.framework; sourceTree = BUILT_PRODUCTS_DIR; };
		E986761F521D71C16F51A43D /* Pods-AuthenticationKit-AuthenticationKitTests.release.xcconfig */ = {isa = PBXFileReference; includeInIndex = 1; lastKnownFileType = text.xcconfig; name = "Pods-AuthenticationKit-AuthenticationKitTests.release.xcconfig"; path = "Target Support Files/Pods-AuthenticationKit-AuthenticationKitTests/Pods-AuthenticationKit-AuthenticationKitTests.release.xcconfig"; sourceTree = "<group>"; };
		FD257C30AF9FF8866A716541 /* Pods-AuthenticationKit-AuthenticationKitTests.debug.xcconfig */ = {isa = PBXFileReference; includeInIndex = 1; lastKnownFileType = text.xcconfig; name = "Pods-AuthenticationKit-AuthenticationKitTests.debug.xcconfig"; path = "Target Support Files/Pods-AuthenticationKit-AuthenticationKitTests/Pods-AuthenticationKit-AuthenticationKitTests.debug.xcconfig"; sourceTree = "<group>"; };
/* End PBXFileReference section */

/* Begin PBXFrameworksBuildPhase section */
		8B773BDC247CD403001D5EEA /* Frameworks */ = {
			isa = PBXFrameworksBuildPhase;
			buildActionMask = 2147483647;
			files = (
				D83F4222EE24D9AE0365E2FA /* Pods_AuthenticationKit.framework in Frameworks */,
			);
			runOnlyForDeploymentPostprocessing = 0;
		};
		8B773BE5247CD403001D5EEA /* Frameworks */ = {
			isa = PBXFrameworksBuildPhase;
			buildActionMask = 2147483647;
			files = (
				8B773BE9247CD403001D5EEA /* AuthenticationKit.framework in Frameworks */,
				B250213E5B4C235CB43E585C /* Pods_AuthenticationKit_AuthenticationKitTests.framework in Frameworks */,
			);
			runOnlyForDeploymentPostprocessing = 0;
		};
		8B773BFB247CF2B5001D5EEA /* Frameworks */ = {
			isa = PBXFrameworksBuildPhase;
			buildActionMask = 2147483647;
			files = (
			);
			runOnlyForDeploymentPostprocessing = 0;
		};
		8B773C10247CF2B7001D5EEA /* Frameworks */ = {
			isa = PBXFrameworksBuildPhase;
			buildActionMask = 2147483647;
			files = (
			);
			runOnlyForDeploymentPostprocessing = 0;
		};
/* End PBXFrameworksBuildPhase section */

/* Begin PBXGroup section */
		226FB1048785CDF42D5DA687 /* Pods */ = {
			isa = PBXGroup;
			children = (
				ACC3DF69E13984D82DA045FD /* Pods-AuthenticationKit.debug.xcconfig */,
				83ACC4C602E23776DA0DA78E /* Pods-AuthenticationKit.release.xcconfig */,
				FD257C30AF9FF8866A716541 /* Pods-AuthenticationKit-AuthenticationKitTests.debug.xcconfig */,
				E986761F521D71C16F51A43D /* Pods-AuthenticationKit-AuthenticationKitTests.release.xcconfig */,
			);
			path = Pods;
			sourceTree = "<group>";
		};
		7AF0CC7986C67BE600B81A65 /* Frameworks */ = {
			isa = PBXGroup;
			children = (
				DCC391A82A2EDCCF48A55FBF /* Pods_AuthenticationKit.framework */,
				647B73E4BAB4AE2951679E0B /* Pods_AuthenticationKit_AuthenticationKitTests.framework */,
			);
			name = Frameworks;
			sourceTree = "<group>";
		};
		8B773BD5247CD403001D5EEA = {
			isa = PBXGroup;
			children = (
				8B773BE1247CD403001D5EEA /* AuthenticationKit */,
				8B773BEC247CD403001D5EEA /* AuthenticationKitTests */,
				8B773BFF247CF2B6001D5EEA /* AuthenticationKitExample */,
				8B773C16247CF2B8001D5EEA /* AuthenticationKitExampleTests */,
				8B773BE0247CD403001D5EEA /* Products */,
				226FB1048785CDF42D5DA687 /* Pods */,
				7AF0CC7986C67BE600B81A65 /* Frameworks */,
			);
			sourceTree = "<group>";
		};
		8B773BE0247CD403001D5EEA /* Products */ = {
			isa = PBXGroup;
			children = (
				8B773BDF247CD403001D5EEA /* AuthenticationKit.framework */,
				8B773BE8247CD403001D5EEA /* AuthenticationKitTests.xctest */,
				8B773BFE247CF2B5001D5EEA /* AuthenticationKitExample.app */,
				8B773C13247CF2B7001D5EEA /* AuthenticationKitExampleTests.xctest */,
			);
			name = Products;
			sourceTree = "<group>";
		};
		8B773BE1247CD403001D5EEA /* AuthenticationKit */ = {
			isa = PBXGroup;
			children = (
				8B773C22247CF7BA001D5EEA /* AuthenticationKit.podspec */,
				8B773BE2247CD403001D5EEA /* AuthenticationKit.h */,
				8B773BE3247CD403001D5EEA /* Info.plist */,
				8B773C20247CF349001D5EEA /* FacebookAuthentication.swift */,
			);
			path = AuthenticationKit;
			sourceTree = "<group>";
		};
		8B773BEC247CD403001D5EEA /* AuthenticationKitTests */ = {
			isa = PBXGroup;
			children = (
				8B773BED247CD403001D5EEA /* AuthenticationKitTests.swift */,
				8B773BEF247CD403001D5EEA /* Info.plist */,
			);
			path = AuthenticationKitTests;
			sourceTree = "<group>";
		};
		8B773BFF247CF2B6001D5EEA /* AuthenticationKitExample */ = {
			isa = PBXGroup;
			children = (
				8B773C00247CF2B6001D5EEA /* AppDelegate.swift */,
				8B773C02247CF2B6001D5EEA /* SceneDelegate.swift */,
				8B773C04247CF2B6001D5EEA /* ViewController.swift */,
				8B773C06247CF2B6001D5EEA /* Main.storyboard */,
				8B773C09247CF2B7001D5EEA /* Assets.xcassets */,
				8B773C0B247CF2B7001D5EEA /* LaunchScreen.storyboard */,
				8B773C0E247CF2B7001D5EEA /* Info.plist */,
			);
			path = AuthenticationKitExample;
			sourceTree = "<group>";
		};
		8B773C16247CF2B8001D5EEA /* AuthenticationKitExampleTests */ = {
			isa = PBXGroup;
			children = (
				8B773C17247CF2B8001D5EEA /* AuthenticationKitExampleTests.swift */,
				8B773C19247CF2B8001D5EEA /* Info.plist */,
			);
			path = AuthenticationKitExampleTests;
			sourceTree = "<group>";
		};
/* End PBXGroup section */

/* Begin PBXHeadersBuildPhase section */
		8B773BDA247CD403001D5EEA /* Headers */ = {
			isa = PBXHeadersBuildPhase;
			buildActionMask = 2147483647;
			files = (
				8B773BF0247CD403001D5EEA /* AuthenticationKit.h in Headers */,
			);
			runOnlyForDeploymentPostprocessing = 0;
		};
/* End PBXHeadersBuildPhase section */

/* Begin PBXNativeTarget section */
		8B773BDE247CD403001D5EEA /* AuthenticationKit */ = {
			isa = PBXNativeTarget;
			buildConfigurationList = 8B773BF3247CD403001D5EEA /* Build configuration list for PBXNativeTarget "AuthenticationKit" */;
			buildPhases = (
				4BBB0F69513B4A0522898A58 /* [CP] Check Pods Manifest.lock */,
				8B773BDA247CD403001D5EEA /* Headers */,
				8B773BDB247CD403001D5EEA /* Sources */,
				8B773BDC247CD403001D5EEA /* Frameworks */,
				8B773BDD247CD403001D5EEA /* Resources */,
			);
			buildRules = (
			);
			dependencies = (
			);
			name = AuthenticationKit;
			productName = AuthenticationKit;
			productReference = 8B773BDF247CD403001D5EEA /* AuthenticationKit.framework */;
			productType = "com.apple.product-type.framework";
		};
		8B773BE7247CD403001D5EEA /* AuthenticationKitTests */ = {
			isa = PBXNativeTarget;
			buildConfigurationList = 8B773BF6247CD403001D5EEA /* Build configuration list for PBXNativeTarget "AuthenticationKitTests" */;
			buildPhases = (
				38117A4F5448268BDB909DD3 /* [CP] Check Pods Manifest.lock */,
				8B773BE4247CD403001D5EEA /* Sources */,
				8B773BE5247CD403001D5EEA /* Frameworks */,
				8B773BE6247CD403001D5EEA /* Resources */,
			);
			buildRules = (
			);
			dependencies = (
				8B773BEB247CD403001D5EEA /* PBXTargetDependency */,
			);
			name = AuthenticationKitTests;
			productName = AuthenticationKitTests;
			productReference = 8B773BE8247CD403001D5EEA /* AuthenticationKitTests.xctest */;
			productType = "com.apple.product-type.bundle.unit-test";
		};
		8B773BFD247CF2B5001D5EEA /* AuthenticationKitExample */ = {
			isa = PBXNativeTarget;
			buildConfigurationList = 8B773C1E247CF2B8001D5EEA /* Build configuration list for PBXNativeTarget "AuthenticationKitExample" */;
			buildPhases = (
				8B773BFA247CF2B5001D5EEA /* Sources */,
				8B773BFB247CF2B5001D5EEA /* Frameworks */,
				8B773BFC247CF2B5001D5EEA /* Resources */,
			);
			buildRules = (
			);
			dependencies = (
			);
			name = AuthenticationKitExample;
			productName = AuthenticationKitExample;
			productReference = 8B773BFE247CF2B5001D5EEA /* AuthenticationKitExample.app */;
			productType = "com.apple.product-type.application";
		};
		8B773C12247CF2B7001D5EEA /* AuthenticationKitExampleTests */ = {
			isa = PBXNativeTarget;
			buildConfigurationList = 8B773C1F247CF2B8001D5EEA /* Build configuration list for PBXNativeTarget "AuthenticationKitExampleTests" */;
			buildPhases = (
				8B773C0F247CF2B7001D5EEA /* Sources */,
				8B773C10247CF2B7001D5EEA /* Frameworks */,
				8B773C11247CF2B7001D5EEA /* Resources */,
			);
			buildRules = (
			);
			dependencies = (
				8B773C15247CF2B7001D5EEA /* PBXTargetDependency */,
			);
			name = AuthenticationKitExampleTests;
			productName = AuthenticationKitExampleTests;
			productReference = 8B773C13247CF2B7001D5EEA /* AuthenticationKitExampleTests.xctest */;
			productType = "com.apple.product-type.bundle.unit-test";
		};
/* End PBXNativeTarget section */

/* Begin PBXProject section */
		8B773BD6247CD403001D5EEA /* Project object */ = {
			isa = PBXProject;
			attributes = {
				LastSwiftUpdateCheck = 1140;
				LastUpgradeCheck = 1140;
				ORGANIZATIONNAME = Teko;
				TargetAttributes = {
					8B773BDE247CD403001D5EEA = {
						CreatedOnToolsVersion = 11.4.1;
						LastSwiftMigration = 1140;
					};
					8B773BE7247CD403001D5EEA = {
						CreatedOnToolsVersion = 11.4.1;
					};
					8B773BFD247CF2B5001D5EEA = {
						CreatedOnToolsVersion = 11.4.1;
					};
					8B773C12247CF2B7001D5EEA = {
						CreatedOnToolsVersion = 11.4.1;
						TestTargetID = 8B773BFD247CF2B5001D5EEA;
					};
				};
			};
			buildConfigurationList = 8B773BD9247CD403001D5EEA /* Build configuration list for PBXProject "AuthenticationKit" */;
			compatibilityVersion = "Xcode 9.3";
			developmentRegion = en;
			hasScannedForEncodings = 0;
			knownRegions = (
				en,
				Base,
			);
			mainGroup = 8B773BD5247CD403001D5EEA;
			productRefGroup = 8B773BE0247CD403001D5EEA /* Products */;
			projectDirPath = "";
			projectRoot = "";
			targets = (
				8B773BDE247CD403001D5EEA /* AuthenticationKit */,
				8B773BE7247CD403001D5EEA /* AuthenticationKitTests */,
				8B773BFD247CF2B5001D5EEA /* AuthenticationKitExample */,
				8B773C12247CF2B7001D5EEA /* AuthenticationKitExampleTests */,
			);
		};
/* End PBXProject section */

/* Begin PBXResourcesBuildPhase section */
		8B773BDD247CD403001D5EEA /* Resources */ = {
			isa = PBXResourcesBuildPhase;
			buildActionMask = 2147483647;
			files = (
				8B773C23247CF7BA001D5EEA /* AuthenticationKit.podspec in Resources */,
			);
			runOnlyForDeploymentPostprocessing = 0;
		};
		8B773BE6247CD403001D5EEA /* Resources */ = {
			isa = PBXResourcesBuildPhase;
			buildActionMask = 2147483647;
			files = (
			);
			runOnlyForDeploymentPostprocessing = 0;
		};
		8B773BFC247CF2B5001D5EEA /* Resources */ = {
			isa = PBXResourcesBuildPhase;
			buildActionMask = 2147483647;
			files = (
				8B773C0D247CF2B7001D5EEA /* LaunchScreen.storyboard in Resources */,
				8B773C0A247CF2B7001D5EEA /* Assets.xcassets in Resources */,
				8B773C08247CF2B6001D5EEA /* Main.storyboard in Resources */,
			);
			runOnlyForDeploymentPostprocessing = 0;
		};
		8B773C11247CF2B7001D5EEA /* Resources */ = {
			isa = PBXResourcesBuildPhase;
			buildActionMask = 2147483647;
			files = (
			);
			runOnlyForDeploymentPostprocessing = 0;
		};
/* End PBXResourcesBuildPhase section */

/* Begin PBXShellScriptBuildPhase section */
		38117A4F5448268BDB909DD3 /* [CP] Check Pods Manifest.lock */ = {
			isa = PBXShellScriptBuildPhase;
			buildActionMask = 2147483647;
			files = (
			);
			inputFileListPaths = (
			);
			inputPaths = (
				"${PODS_PODFILE_DIR_PATH}/Podfile.lock",
				"${PODS_ROOT}/Manifest.lock",
			);
			name = "[CP] Check Pods Manifest.lock";
			outputFileListPaths = (
			);
			outputPaths = (
				"$(DERIVED_FILE_DIR)/Pods-AuthenticationKit-AuthenticationKitTests-checkManifestLockResult.txt",
			);
			runOnlyForDeploymentPostprocessing = 0;
			shellPath = /bin/sh;
			shellScript = "diff \"${PODS_PODFILE_DIR_PATH}/Podfile.lock\" \"${PODS_ROOT}/Manifest.lock\" > /dev/null\nif [ $? != 0 ] ; then\n    # print error to STDERR\n    echo \"error: The sandbox is not in sync with the Podfile.lock. Run 'pod install' or update your CocoaPods installation.\" >&2\n    exit 1\nfi\n# This output is used by Xcode 'outputs' to avoid re-running this script phase.\necho \"SUCCESS\" > \"${SCRIPT_OUTPUT_FILE_0}\"\n";
			showEnvVarsInLog = 0;
		};
		4BBB0F69513B4A0522898A58 /* [CP] Check Pods Manifest.lock */ = {
			isa = PBXShellScriptBuildPhase;
			buildActionMask = 2147483647;
			files = (
			);
			inputFileListPaths = (
			);
			inputPaths = (
				"${PODS_PODFILE_DIR_PATH}/Podfile.lock",
				"${PODS_ROOT}/Manifest.lock",
			);
			name = "[CP] Check Pods Manifest.lock";
			outputFileListPaths = (
			);
			outputPaths = (
				"$(DERIVED_FILE_DIR)/Pods-AuthenticationKit-checkManifestLockResult.txt",
			);
			runOnlyForDeploymentPostprocessing = 0;
			shellPath = /bin/sh;
			shellScript = "diff \"${PODS_PODFILE_DIR_PATH}/Podfile.lock\" \"${PODS_ROOT}/Manifest.lock\" > /dev/null\nif [ $? != 0 ] ; then\n    # print error to STDERR\n    echo \"error: The sandbox is not in sync with the Podfile.lock. Run 'pod install' or update your CocoaPods installation.\" >&2\n    exit 1\nfi\n# This output is used by Xcode 'outputs' to avoid re-running this script phase.\necho \"SUCCESS\" > \"${SCRIPT_OUTPUT_FILE_0}\"\n";
			showEnvVarsInLog = 0;
		};
/* End PBXShellScriptBuildPhase section */

/* Begin PBXSourcesBuildPhase section */
		8B773BDB247CD403001D5EEA /* Sources */ = {
			isa = PBXSourcesBuildPhase;
			buildActionMask = 2147483647;
			files = (
				8B773C21247CF349001D5EEA /* FacebookAuthentication.swift in Sources */,
			);
			runOnlyForDeploymentPostprocessing = 0;
		};
		8B773BE4247CD403001D5EEA /* Sources */ = {
			isa = PBXSourcesBuildPhase;
			buildActionMask = 2147483647;
			files = (
				8B773BEE247CD403001D5EEA /* AuthenticationKitTests.swift in Sources */,
			);
			runOnlyForDeploymentPostprocessing = 0;
		};
		8B773BFA247CF2B5001D5EEA /* Sources */ = {
			isa = PBXSourcesBuildPhase;
			buildActionMask = 2147483647;
			files = (
				8B773C05247CF2B6001D5EEA /* ViewController.swift in Sources */,
				8B773C01247CF2B6001D5EEA /* AppDelegate.swift in Sources */,
				8B773C03247CF2B6001D5EEA /* SceneDelegate.swift in Sources */,
			);
			runOnlyForDeploymentPostprocessing = 0;
		};
		8B773C0F247CF2B7001D5EEA /* Sources */ = {
			isa = PBXSourcesBuildPhase;
			buildActionMask = 2147483647;
			files = (
				8B773C18247CF2B8001D5EEA /* AuthenticationKitExampleTests.swift in Sources */,
			);
			runOnlyForDeploymentPostprocessing = 0;
		};
/* End PBXSourcesBuildPhase section */

/* Begin PBXTargetDependency section */
		8B773BEB247CD403001D5EEA /* PBXTargetDependency */ = {
			isa = PBXTargetDependency;
			target = 8B773BDE247CD403001D5EEA /* AuthenticationKit */;
			targetProxy = 8B773BEA247CD403001D5EEA /* PBXContainerItemProxy */;
		};
		8B773C15247CF2B7001D5EEA /* PBXTargetDependency */ = {
			isa = PBXTargetDependency;
			target = 8B773BFD247CF2B5001D5EEA /* AuthenticationKitExample */;
			targetProxy = 8B773C14247CF2B7001D5EEA /* PBXContainerItemProxy */;
		};
/* End PBXTargetDependency section */

/* Begin PBXVariantGroup section */
		8B773C06247CF2B6001D5EEA /* Main.storyboard */ = {
			isa = PBXVariantGroup;
			children = (
				8B773C07247CF2B6001D5EEA /* Base */,
			);
			name = Main.storyboard;
			sourceTree = "<group>";
		};
		8B773C0B247CF2B7001D5EEA /* LaunchScreen.storyboard */ = {
			isa = PBXVariantGroup;
			children = (
				8B773C0C247CF2B7001D5EEA /* Base */,
			);
			name = LaunchScreen.storyboard;
			sourceTree = "<group>";
		};
/* End PBXVariantGroup section */

/* Begin XCBuildConfiguration section */
		8B773BF1247CD403001D5EEA /* Debug */ = {
			isa = XCBuildConfiguration;
			buildSettings = {
				ALWAYS_SEARCH_USER_PATHS = NO;
				CLANG_ANALYZER_NONNULL = YES;
				CLANG_ANALYZER_NUMBER_OBJECT_CONVERSION = YES_AGGRESSIVE;
				CLANG_CXX_LANGUAGE_STANDARD = "gnu++14";
				CLANG_CXX_LIBRARY = "libc++";
				CLANG_ENABLE_MODULES = YES;
				CLANG_ENABLE_OBJC_ARC = YES;
				CLANG_ENABLE_OBJC_WEAK = YES;
				CLANG_WARN_BLOCK_CAPTURE_AUTORELEASING = YES;
				CLANG_WARN_BOOL_CONVERSION = YES;
				CLANG_WARN_COMMA = YES;
				CLANG_WARN_CONSTANT_CONVERSION = YES;
				CLANG_WARN_DEPRECATED_OBJC_IMPLEMENTATIONS = YES;
				CLANG_WARN_DIRECT_OBJC_ISA_USAGE = YES_ERROR;
				CLANG_WARN_DOCUMENTATION_COMMENTS = YES;
				CLANG_WARN_EMPTY_BODY = YES;
				CLANG_WARN_ENUM_CONVERSION = YES;
				CLANG_WARN_INFINITE_RECURSION = YES;
				CLANG_WARN_INT_CONVERSION = YES;
				CLANG_WARN_NON_LITERAL_NULL_CONVERSION = YES;
				CLANG_WARN_OBJC_IMPLICIT_RETAIN_SELF = YES;
				CLANG_WARN_OBJC_LITERAL_CONVERSION = YES;
				CLANG_WARN_OBJC_ROOT_CLASS = YES_ERROR;
				CLANG_WARN_RANGE_LOOP_ANALYSIS = YES;
				CLANG_WARN_STRICT_PROTOTYPES = YES;
				CLANG_WARN_SUSPICIOUS_MOVE = YES;
				CLANG_WARN_UNGUARDED_AVAILABILITY = YES_AGGRESSIVE;
				CLANG_WARN_UNREACHABLE_CODE = YES;
				CLANG_WARN__DUPLICATE_METHOD_MATCH = YES;
				COPY_PHASE_STRIP = NO;
				CURRENT_PROJECT_VERSION = 1;
				DEBUG_INFORMATION_FORMAT = dwarf;
				ENABLE_STRICT_OBJC_MSGSEND = YES;
				ENABLE_TESTABILITY = YES;
				GCC_C_LANGUAGE_STANDARD = gnu11;
				GCC_DYNAMIC_NO_PIC = NO;
				GCC_NO_COMMON_BLOCKS = YES;
				GCC_OPTIMIZATION_LEVEL = 0;
				GCC_PREPROCESSOR_DEFINITIONS = (
					"DEBUG=1",
					"$(inherited)",
				);
				GCC_WARN_64_TO_32_BIT_CONVERSION = YES;
				GCC_WARN_ABOUT_RETURN_TYPE = YES_ERROR;
				GCC_WARN_UNDECLARED_SELECTOR = YES;
				GCC_WARN_UNINITIALIZED_AUTOS = YES_AGGRESSIVE;
				GCC_WARN_UNUSED_FUNCTION = YES;
				GCC_WARN_UNUSED_VARIABLE = YES;
				IPHONEOS_DEPLOYMENT_TARGET = 13.4;
				MTL_ENABLE_DEBUG_INFO = INCLUDE_SOURCE;
				MTL_FAST_MATH = YES;
				ONLY_ACTIVE_ARCH = YES;
				SDKROOT = iphoneos;
				SWIFT_ACTIVE_COMPILATION_CONDITIONS = DEBUG;
				SWIFT_OPTIMIZATION_LEVEL = "-Onone";
				VERSIONING_SYSTEM = "apple-generic";
				VERSION_INFO_PREFIX = "";
			};
			name = Debug;
		};
		8B773BF2247CD403001D5EEA /* Release */ = {
			isa = XCBuildConfiguration;
			buildSettings = {
				ALWAYS_SEARCH_USER_PATHS = NO;
				CLANG_ANALYZER_NONNULL = YES;
				CLANG_ANALYZER_NUMBER_OBJECT_CONVERSION = YES_AGGRESSIVE;
				CLANG_CXX_LANGUAGE_STANDARD = "gnu++14";
				CLANG_CXX_LIBRARY = "libc++";
				CLANG_ENABLE_MODULES = YES;
				CLANG_ENABLE_OBJC_ARC = YES;
				CLANG_ENABLE_OBJC_WEAK = YES;
				CLANG_WARN_BLOCK_CAPTURE_AUTORELEASING = YES;
				CLANG_WARN_BOOL_CONVERSION = YES;
				CLANG_WARN_COMMA = YES;
				CLANG_WARN_CONSTANT_CONVERSION = YES;
				CLANG_WARN_DEPRECATED_OBJC_IMPLEMENTATIONS = YES;
				CLANG_WARN_DIRECT_OBJC_ISA_USAGE = YES_ERROR;
				CLANG_WARN_DOCUMENTATION_COMMENTS = YES;
				CLANG_WARN_EMPTY_BODY = YES;
				CLANG_WARN_ENUM_CONVERSION = YES;
				CLANG_WARN_INFINITE_RECURSION = YES;
				CLANG_WARN_INT_CONVERSION = YES;
				CLANG_WARN_NON_LITERAL_NULL_CONVERSION = YES;
				CLANG_WARN_OBJC_IMPLICIT_RETAIN_SELF = YES;
				CLANG_WARN_OBJC_LITERAL_CONVERSION = YES;
				CLANG_WARN_OBJC_ROOT_CLASS = YES_ERROR;
				CLANG_WARN_RANGE_LOOP_ANALYSIS = YES;
				CLANG_WARN_STRICT_PROTOTYPES = YES;
				CLANG_WARN_SUSPICIOUS_MOVE = YES;
				CLANG_WARN_UNGUARDED_AVAILABILITY = YES_AGGRESSIVE;
				CLANG_WARN_UNREACHABLE_CODE = YES;
				CLANG_WARN__DUPLICATE_METHOD_MATCH = YES;
				COPY_PHASE_STRIP = NO;
				CURRENT_PROJECT_VERSION = 1;
				DEBUG_INFORMATION_FORMAT = "dwarf-with-dsym";
				ENABLE_NS_ASSERTIONS = NO;
				ENABLE_STRICT_OBJC_MSGSEND = YES;
				GCC_C_LANGUAGE_STANDARD = gnu11;
				GCC_NO_COMMON_BLOCKS = YES;
				GCC_WARN_64_TO_32_BIT_CONVERSION = YES;
				GCC_WARN_ABOUT_RETURN_TYPE = YES_ERROR;
				GCC_WARN_UNDECLARED_SELECTOR = YES;
				GCC_WARN_UNINITIALIZED_AUTOS = YES_AGGRESSIVE;
				GCC_WARN_UNUSED_FUNCTION = YES;
				GCC_WARN_UNUSED_VARIABLE = YES;
				IPHONEOS_DEPLOYMENT_TARGET = 13.4;
				MTL_ENABLE_DEBUG_INFO = NO;
				MTL_FAST_MATH = YES;
				SDKROOT = iphoneos;
				SWIFT_COMPILATION_MODE = wholemodule;
				SWIFT_OPTIMIZATION_LEVEL = "-O";
				VALIDATE_PRODUCT = YES;
				VERSIONING_SYSTEM = "apple-generic";
				VERSION_INFO_PREFIX = "";
			};
			name = Release;
		};
		8B773BF4247CD403001D5EEA /* Debug */ = {
			isa = XCBuildConfiguration;
			baseConfigurationReference = ACC3DF69E13984D82DA045FD /* Pods-AuthenticationKit.debug.xcconfig */;
			buildSettings = {
				CLANG_ENABLE_MODULES = YES;
				CODE_SIGN_STYLE = Automatic;
				DEFINES_MODULE = YES;
				DEVELOPMENT_TEAM = 2G2F7B8D22;
				DYLIB_COMPATIBILITY_VERSION = 1;
				DYLIB_CURRENT_VERSION = 1;
				DYLIB_INSTALL_NAME_BASE = "@rpath";
				INFOPLIST_FILE = AuthenticationKit/Info.plist;
				INSTALL_PATH = "$(LOCAL_LIBRARY_DIR)/Frameworks";
				LD_RUNPATH_SEARCH_PATHS = (
					"$(inherited)",
					"@executable_path/Frameworks",
					"@loader_path/Frameworks",
				);
				PRODUCT_BUNDLE_IDENTIFIER = teko.vn.AuthenticationKit;
				PRODUCT_NAME = "$(TARGET_NAME:c99extidentifier)";
				SKIP_INSTALL = YES;
				SWIFT_OPTIMIZATION_LEVEL = "-Onone";
				SWIFT_VERSION = 5.0;
				TARGETED_DEVICE_FAMILY = "1,2";
			};
			name = Debug;
		};
		8B773BF5247CD403001D5EEA /* Release */ = {
			isa = XCBuildConfiguration;
			baseConfigurationReference = 83ACC4C602E23776DA0DA78E /* Pods-AuthenticationKit.release.xcconfig */;
			buildSettings = {
				CLANG_ENABLE_MODULES = YES;
				CODE_SIGN_STYLE = Automatic;
				DEFINES_MODULE = YES;
				DEVELOPMENT_TEAM = 2G2F7B8D22;
				DYLIB_COMPATIBILITY_VERSION = 1;
				DYLIB_CURRENT_VERSION = 1;
				DYLIB_INSTALL_NAME_BASE = "@rpath";
				INFOPLIST_FILE = AuthenticationKit/Info.plist;
				INSTALL_PATH = "$(LOCAL_LIBRARY_DIR)/Frameworks";
				LD_RUNPATH_SEARCH_PATHS = (
					"$(inherited)",
					"@executable_path/Frameworks",
					"@loader_path/Frameworks",
				);
				PRODUCT_BUNDLE_IDENTIFIER = teko.vn.AuthenticationKit;
				PRODUCT_NAME = "$(TARGET_NAME:c99extidentifier)";
				SKIP_INSTALL = YES;
				SWIFT_VERSION = 5.0;
				TARGETED_DEVICE_FAMILY = "1,2";
			};
			name = Release;
		};
		8B773BF7247CD403001D5EEA /* Debug */ = {
			isa = XCBuildConfiguration;
			baseConfigurationReference = FD257C30AF9FF8866A716541 /* Pods-AuthenticationKit-AuthenticationKitTests.debug.xcconfig */;
			buildSettings = {
				ALWAYS_EMBED_SWIFT_STANDARD_LIBRARIES = YES;
				CODE_SIGN_STYLE = Automatic;
				DEVELOPMENT_TEAM = 2G2F7B8D22;
				INFOPLIST_FILE = AuthenticationKitTests/Info.plist;
				LD_RUNPATH_SEARCH_PATHS = (
					"$(inherited)",
					"@executable_path/Frameworks",
					"@loader_path/Frameworks",
				);
				PRODUCT_BUNDLE_IDENTIFIER = teko.vn.AuthenticationKitTests;
				PRODUCT_NAME = "$(TARGET_NAME)";
				SWIFT_VERSION = 5.0;
				TARGETED_DEVICE_FAMILY = "1,2";
			};
			name = Debug;
		};
		8B773BF8247CD403001D5EEA /* Release */ = {
			isa = XCBuildConfiguration;
			baseConfigurationReference = E986761F521D71C16F51A43D /* Pods-AuthenticationKit-AuthenticationKitTests.release.xcconfig */;
			buildSettings = {
				ALWAYS_EMBED_SWIFT_STANDARD_LIBRARIES = YES;
				CODE_SIGN_STYLE = Automatic;
				DEVELOPMENT_TEAM = 2G2F7B8D22;
				INFOPLIST_FILE = AuthenticationKitTests/Info.plist;
				LD_RUNPATH_SEARCH_PATHS = (
					"$(inherited)",
					"@executable_path/Frameworks",
					"@loader_path/Frameworks",
				);
				PRODUCT_BUNDLE_IDENTIFIER = teko.vn.AuthenticationKitTests;
				PRODUCT_NAME = "$(TARGET_NAME)";
				SWIFT_VERSION = 5.0;
				TARGETED_DEVICE_FAMILY = "1,2";
			};
			name = Release;
		};
		8B773C1A247CF2B8001D5EEA /* Debug */ = {
			isa = XCBuildConfiguration;
			buildSettings = {
				ASSETCATALOG_COMPILER_APPICON_NAME = AppIcon;
				CODE_SIGN_STYLE = Automatic;
				DEVELOPMENT_TEAM = 2G2F7B8D22;
				INFOPLIST_FILE = AuthenticationKitExample/Info.plist;
				LD_RUNPATH_SEARCH_PATHS = (
					"$(inherited)",
					"@executable_path/Frameworks",
				);
				PRODUCT_BUNDLE_IDENTIFIER = teko.vn.AuthenticationKitExample;
				PRODUCT_NAME = "$(TARGET_NAME)";
				SWIFT_VERSION = 5.0;
				TARGETED_DEVICE_FAMILY = "1,2";
			};
			name = Debug;
		};
		8B773C1B247CF2B8001D5EEA /* Release */ = {
			isa = XCBuildConfiguration;
			buildSettings = {
				ASSETCATALOG_COMPILER_APPICON_NAME = AppIcon;
				CODE_SIGN_STYLE = Automatic;
				DEVELOPMENT_TEAM = 2G2F7B8D22;
				INFOPLIST_FILE = AuthenticationKitExample/Info.plist;
				LD_RUNPATH_SEARCH_PATHS = (
					"$(inherited)",
					"@executable_path/Frameworks",
				);
				PRODUCT_BUNDLE_IDENTIFIER = teko.vn.AuthenticationKitExample;
				PRODUCT_NAME = "$(TARGET_NAME)";
				SWIFT_VERSION = 5.0;
				TARGETED_DEVICE_FAMILY = "1,2";
			};
			name = Release;
		};
		8B773C1C247CF2B8001D5EEA /* Debug */ = {
			isa = XCBuildConfiguration;
			buildSettings = {
				ALWAYS_EMBED_SWIFT_STANDARD_LIBRARIES = YES;
				BUNDLE_LOADER = "$(TEST_HOST)";
				CODE_SIGN_STYLE = Automatic;
				DEVELOPMENT_TEAM = 2G2F7B8D22;
				INFOPLIST_FILE = AuthenticationKitExampleTests/Info.plist;
				IPHONEOS_DEPLOYMENT_TARGET = 13.4;
				LD_RUNPATH_SEARCH_PATHS = (
					"$(inherited)",
					"@executable_path/Frameworks",
					"@loader_path/Frameworks",
				);
				PRODUCT_BUNDLE_IDENTIFIER = teko.vn.AuthenticationKitExampleTests;
				PRODUCT_NAME = "$(TARGET_NAME)";
				SWIFT_VERSION = 5.0;
				TARGETED_DEVICE_FAMILY = "1,2";
				TEST_HOST = "$(BUILT_PRODUCTS_DIR)/AuthenticationKitExample.app/AuthenticationKitExample";
			};
			name = Debug;
		};
		8B773C1D247CF2B8001D5EEA /* Release */ = {
			isa = XCBuildConfiguration;
			buildSettings = {
				ALWAYS_EMBED_SWIFT_STANDARD_LIBRARIES = YES;
				BUNDLE_LOADER = "$(TEST_HOST)";
				CODE_SIGN_STYLE = Automatic;
				DEVELOPMENT_TEAM = 2G2F7B8D22;
				INFOPLIST_FILE = AuthenticationKitExampleTests/Info.plist;
				IPHONEOS_DEPLOYMENT_TARGET = 13.4;
				LD_RUNPATH_SEARCH_PATHS = (
					"$(inherited)",
					"@executable_path/Frameworks",
					"@loader_path/Frameworks",
				);
				PRODUCT_BUNDLE_IDENTIFIER = teko.vn.AuthenticationKitExampleTests;
				PRODUCT_NAME = "$(TARGET_NAME)";
				SWIFT_VERSION = 5.0;
				TARGETED_DEVICE_FAMILY = "1,2";
				TEST_HOST = "$(BUILT_PRODUCTS_DIR)/AuthenticationKitExample.app/AuthenticationKitExample";
			};
			name = Release;
		};
/* End XCBuildConfiguration section */

/* Begin XCConfigurationList section */
		8B773BD9247CD403001D5EEA /* Build configuration list for PBXProject "AuthenticationKit" */ = {
			isa = XCConfigurationList;
			buildConfigurations = (
				8B773BF1247CD403001D5EEA /* Debug */,
				8B773BF2247CD403001D5EEA /* Release */,
			);
			defaultConfigurationIsVisible = 0;
			defaultConfigurationName = Release;
		};
		8B773BF3247CD403001D5EEA /* Build configuration list for PBXNativeTarget "AuthenticationKit" */ = {
			isa = XCConfigurationList;
			buildConfigurations = (
				8B773BF4247CD403001D5EEA /* Debug */,
				8B773BF5247CD403001D5EEA /* Release */,
			);
			defaultConfigurationIsVisible = 0;
			defaultConfigurationName = Release;
		};
		8B773BF6247CD403001D5EEA /* Build configuration list for PBXNativeTarget "AuthenticationKitTests" */ = {
			isa = XCConfigurationList;
			buildConfigurations = (
				8B773BF7247CD403001D5EEA /* Debug */,
				8B773BF8247CD403001D5EEA /* Release */,
			);
			defaultConfigurationIsVisible = 0;
			defaultConfigurationName = Release;
		};
		8B773C1E247CF2B8001D5EEA /* Build configuration list for PBXNativeTarget "AuthenticationKitExample" */ = {
			isa = XCConfigurationList;
			buildConfigurations = (
				8B773C1A247CF2B8001D5EEA /* Debug */,
				8B773C1B247CF2B8001D5EEA /* Release */,
			);
			defaultConfigurationIsVisible = 0;
			defaultConfigurationName = Release;
		};
		8B773C1F247CF2B8001D5EEA /* Build configuration list for PBXNativeTarget "AuthenticationKitExampleTests" */ = {
			isa = XCConfigurationList;
			buildConfigurations = (
				8B773C1C247CF2B8001D5EEA /* Debug */,
				8B773C1D247CF2B8001D5EEA /* Release */,
			);
			defaultConfigurationIsVisible = 0;
			defaultConfigurationName = Release;
		};
/* End XCConfigurationList section */
	};
	rootObject = 8B773BD6247CD403001D5EEA /* Project object */;
}
